
Microsoft Visual Studio Solution File, Format Version 12.00
# Visual Studio 15
VisualStudioVersion = 15.0.26430.12
MinimumVisualStudioVersion = 10.0.40219.1
Project("{FAE04EC0-301F-11D3-BF4B-00C04F79EFBC}") = "PoundCake1._0.Android", "PoundCake1.0\PoundCake1._0.Android\PoundCake1._0.Android.csproj", "{5A4D72E9-307F-499C-A44A-672506695AD6}"
EndProject
Project("{FAE04EC0-301F-11D3-BF4B-00C04F79EFBC}") = "PoundCake1._0.iOS", "PoundCake1.0\PoundCake1._0.iOS\PoundCake1._0.iOS.csproj", "{2C187E90-8F37-48D5-8F42-5AB19DB0F109}"
EndProject
Project("{FAE04EC0-301F-11D3-BF4B-00C04F79EFBC}") = "PoundCake1._0", "PoundCake1.0\PoundCake1._0\PoundCake1._0.csproj", "{B3955924-1AAE-415C-BC8D-E356103146B5}"
EndProject
Global
	GlobalSection(SolutionConfigurationPlatforms) = preSolution
		Debug|Any CPU = Debug|Any CPU
		Debug|iPhone = Debug|iPhone
		Debug|iPhoneSimulator = Debug|iPhoneSimulator
		Release|Any CPU = Release|Any CPU
		Release|iPhone = Release|iPhone
		Release|iPhoneSimulator = Release|iPhoneSimulator
	EndGlobalSection
	GlobalSection(ProjectConfigurationPlatforms) = postSolution
		{5A4D72E9-307F-499C-A44A-672506695AD6}.Debug|Any CPU.ActiveCfg = Debug|Any CPU
		{5A4D72E9-307F-499C-A44A-672506695AD6}.Debug|Any CPU.Build.0 = Debug|Any CPU
		{5A4D72E9-307F-499C-A44A-672506695AD6}.Debug|Any CPU.Deploy.0 = Debug|Any CPU
		{5A4D72E9-307F-499C-A44A-672506695AD6}.Debug|iPhone.ActiveCfg = Debug|Any CPU
		{5A4D72E9-307F-499C-A44A-672506695AD6}.Debug|iPhone.Build.0 = Debug|Any CPU
		{5A4D72E9-307F-499C-A44A-672506695AD6}.Debug|iPhone.Deploy.0 = Debug|Any CPU
		{5A4D72E9-307F-499C-A44A-672506695AD6}.Debug|iPhoneSimulator.ActiveCfg = Debug|Any CPU
		{5A4D72E9-307F-499C-A44A-672506695AD6}.Debug|iPhoneSimulator.Build.0 = Debug|Any CPU
		{5A4D72E9-307F-499C-A44A-672506695AD6}.Debug|iPhoneSimulator.Deploy.0 = Debug|Any CPU
		{5A4D72E9-307F-499C-A44A-672506695AD6}.Release|Any CPU.ActiveCfg = Release|Any CPU
		{5A4D72E9-307F-499C-A44A-672506695AD6}.Release|Any CPU.Build.0 = Release|Any CPU
		{5A4D72E9-307F-499C-A44A-672506695AD6}.Release|Any CPU.Deploy.0 = Release|Any CPU
		{5A4D72E9-307F-499C-A44A-672506695AD6}.Release|iPhone.ActiveCfg = Release|Any CPU
		{5A4D72E9-307F-499C-A44A-672506695AD6}.Release|iPhone.Build.0 = Release|Any CPU
		{5A4D72E9-307F-499C-A44A-672506695AD6}.Release|iPhone.Deploy.0 = Release|Any CPU
		{5A4D72E9-307F-499C-A44A-672506695AD6}.Release|iPhoneSimulator.ActiveCfg = Release|Any CPU
		{5A4D72E9-307F-499C-A44A-672506695AD6}.Release|iPhoneSimulator.Build.0 = Release|Any CPU
		{5A4D72E9-307F-499C-A44A-672506695AD6}.Release|iPhoneSimulator.Deploy.0 = Release|Any CPU
		{2C187E90-8F37-48D5-8F42-5AB19DB0F109}.Debug|Any CPU.ActiveCfg = Debug|iPhone
		{2C187E90-8F37-48D5-8F42-5AB19DB0F109}.Debug|iPhone.ActiveCfg = Debug|iPhone
		{2C187E90-8F37-48D5-8F42-5AB19DB0F109}.Debug|iPhone.Build.0 = Debug|iPhone
		{2C187E90-8F37-48D5-8F42-5AB19DB0F109}.Debug|iPhoneSimulator.ActiveCfg = Debug|iPhoneSimulator
		{2C187E90-8F37-48D5-8F42-5AB19DB0F109}.Debug|iPhoneSimulator.Build.0 = Debug|iPhoneSimulator
		{2C187E90-8F37-48D5-8F42-5AB19DB0F109}.Release|Any CPU.ActiveCfg = Release|iPhone
		{2C187E90-8F37-48D5-8F42-5AB19DB0F109}.Release|iPhone.ActiveCfg = Release|iPhone
		{2C187E90-8F37-48D5-8F42-5AB19DB0F109}.Release|iPhone.Build.0 = Release|iPhone
		{2C187E90-8F37-48D5-8F42-5AB19DB0F109}.Release|iPhoneSimulator.ActiveCfg = Release|iPhoneSimulator
		{2C187E90-8F37-48D5-8F42-5AB19DB0F109}.Release|iPhoneSimulator.Build.0 = Release|iPhoneSimulator
		{B3955924-1AAE-415C-BC8D-E356103146B5}.Debug|Any CPU.ActiveCfg = Debug|Any CPU
		{B3955924-1AAE-415C-BC8D-E356103146B5}.Debug|Any CPU.Build.0 = Debug|Any CPU
		{B3955924-1AAE-415C-BC8D-E356103146B5}.Debug|iPhone.ActiveCfg = Debug|Any CPU
		{B3955924-1AAE-415C-BC8D-E356103146B5}.Debug|iPhone.Build.0 = Debug|Any CPU
		{B3955924-1AAE-415C-BC8D-E356103146B5}.Debug|iPhoneSimulator.ActiveCfg = Debug|Any CPU
		{B3955924-1AAE-415C-BC8D-E356103146B5}.Debug|iPhoneSimulator.Build.0 = Debug|Any CPU
		{B3955924-1AAE-415C-BC8D-E356103146B5}.Release|Any CPU.ActiveCfg = Release|Any CPU
		{B3955924-1AAE-415C-BC8D-E356103146B5}.Release|Any CPU.Build.0 = Release|Any CPU
		{B3955924-1AAE-415C-BC8D-E356103146B5}.Release|iPhone.ActiveCfg = Release|Any CPU
		{B3955924-1AAE-415C-BC8D-E356103146B5}.Release|iPhone.Build.0 = Release|Any CPU
		{B3955924-1AAE-415C-BC8D-E356103146B5}.Release|iPhoneSimulator.ActiveCfg = Release|Any CPU
		{B3955924-1AAE-415C-BC8D-E356103146B5}.Release|iPhoneSimulator.Build.0 = Release|Any CPU
	EndGlobalSection
	GlobalSection(SolutionProperties) = preSolution
		HideSolutionNode = FALSE
	EndGlobalSection
EndGlobal
